{
  "name": "rabblerouser-core-frontend",
  "version": "0.1.0",
  "dependencies": {
    "classnames": {
      "version": "2.2.3",
      "from": "classnames@latest",
      "resolved": "https://registry.npmjs.org/classnames/-/classnames-2.2.3.tgz"
    },
    "core-js": {
      "version": "2.3.0",
      "from": "core-js@latest",
      "resolved": "https://registry.npmjs.org/core-js/-/core-js-2.3.0.tgz"
    },
    "jquery": {
      "version": "2.2.3",
      "from": "jquery@latest",
      "resolved": "https://registry.npmjs.org/jquery/-/jquery-2.2.3.tgz"
    },
    "lodash": {
      "version": "3.10.1",
      "from": "lodash@>=3.10.1 <4.0.0",
      "resolved": "https://registry.npmjs.org/lodash/-/lodash-3.10.1.tgz"
    },
    "moment": {
      "version": "2.13.0",
      "from": "moment@latest",
      "resolved": "https://registry.npmjs.org/moment/-/moment-2.13.0.tgz"
    },
    "q": {
      "version": "1.4.1",
      "from": "q@latest",
      "resolved": "https://registry.npmjs.org/q/-/q-1.4.1.tgz"
    },
    "react": {
      "version": "0.14.8",
      "from": "react@>=0.14.0 <0.15.0",
      "resolved": "https://registry.npmjs.org/react/-/react-0.14.8.tgz",
      "dependencies": {
        "envify": {
          "version": "3.4.0",
          "from": "envify@>=3.0.0 <4.0.0",
          "resolved": "https://registry.npmjs.org/envify/-/envify-3.4.0.tgz",
          "dependencies": {
            "through": {
              "version": "2.3.8",
              "from": "through@>=2.3.4 <2.4.0",
              "resolved": "https://registry.npmjs.org/through/-/through-2.3.8.tgz"
            },
            "jstransform": {
              "version": "10.1.0",
              "from": "jstransform@>=10.0.1 <11.0.0",
              "resolved": "https://registry.npmjs.org/jstransform/-/jstransform-10.1.0.tgz",
              "dependencies": {
                "base62": {
                  "version": "0.1.1",
                  "from": "base62@0.1.1",
                  "resolved": "https://registry.npmjs.org/base62/-/base62-0.1.1.tgz"
                },
                "esprima-fb": {
                  "version": "13001.1001.0-dev-harmony-fb",
                  "from": "esprima-fb@13001.1001.0-dev-harmony-fb",
                  "resolved": "https://registry.npmjs.org/esprima-fb/-/esprima-fb-13001.1001.0-dev-harmony-fb.tgz"
                },
                "source-map": {
                  "version": "0.1.31",
                  "from": "source-map@0.1.31",
                  "resolved": "https://registry.npmjs.org/source-map/-/source-map-0.1.31.tgz",
                  "dependencies": {
                    "amdefine": {
                      "version": "1.0.0",
                      "from": "amdefine@>=0.0.4",
                      "resolved": "https://registry.npmjs.org/amdefine/-/amdefine-1.0.0.tgz"
                    }
                  }
                }
              }
            }
          }
        },
        "fbjs": {
          "version": "0.6.1",
          "from": "fbjs@>=0.6.1 <0.7.0",
          "resolved": "https://registry.npmjs.org/fbjs/-/fbjs-0.6.1.tgz",
          "dependencies": {
            "core-js": {
              "version": "1.2.6",
              "from": "core-js@>=1.0.0 <2.0.0",
              "resolved": "https://registry.npmjs.org/core-js/-/core-js-1.2.6.tgz"
            },
            "loose-envify": {
              "version": "1.1.0",
              "from": "loose-envify@>=1.0.0 <2.0.0",
              "resolved": "https://registry.npmjs.org/loose-envify/-/loose-envify-1.1.0.tgz",
              "dependencies": {
                "js-tokens": {
                  "version": "1.0.3",
                  "from": "js-tokens@>=1.0.1 <2.0.0",
                  "resolved": "https://registry.npmjs.org/js-tokens/-/js-tokens-1.0.3.tgz"
                }
              }
            },
            "promise": {
              "version": "7.1.1",
              "from": "promise@>=7.0.3 <8.0.0",
              "resolved": "https://registry.npmjs.org/promise/-/promise-7.1.1.tgz",
              "dependencies": {
                "asap": {
                  "version": "2.0.3",
                  "from": "asap@>=2.0.3 <2.1.0",
                  "resolved": "https://registry.npmjs.org/asap/-/asap-2.0.3.tgz"
                }
              }
            },
            "ua-parser-js": {
              "version": "0.7.10",
              "from": "ua-parser-js@>=0.7.9 <0.8.0",
              "resolved": "https://registry.npmjs.org/ua-parser-js/-/ua-parser-js-0.7.10.tgz"
            },
            "whatwg-fetch": {
              "version": "0.9.0",
              "from": "whatwg-fetch@>=0.9.0 <0.10.0",
              "resolved": "https://registry.npmjs.org/whatwg-fetch/-/whatwg-fetch-0.9.0.tgz"
            }
          }
        }
      }
    },
    "react-dom": {
      "version": "0.14.8",
      "from": "react-dom@>=0.14.0 <0.15.0",
      "resolved": "https://registry.npmjs.org/react-dom/-/react-dom-0.14.8.tgz"
    },
    "react-modal": {
      "version": "1.2.1",
      "from": "react-modal@latest",
      "resolved": "https://registry.npmjs.org/react-modal/-/react-modal-1.2.1.tgz",
      "dependencies": {
        "element-class": {
          "version": "0.2.2",
          "from": "element-class@>=0.2.0 <0.3.0",
          "resolved": "https://registry.npmjs.org/element-class/-/element-class-0.2.2.tgz"
        },
        "exenv": {
          "version": "1.2.0",
          "from": "exenv@1.2.0",
          "resolved": "https://registry.npmjs.org/exenv/-/exenv-1.2.0.tgz"
        },
        "lodash.assign": {
          "version": "3.2.0",
          "from": "lodash.assign@>=3.2.0 <4.0.0",
          "resolved": "https://registry.npmjs.org/lodash.assign/-/lodash.assign-3.2.0.tgz",
          "dependencies": {
            "lodash._baseassign": {
              "version": "3.2.0",
              "from": "lodash._baseassign@>=3.0.0 <4.0.0",
              "resolved": "https://registry.npmjs.org/lodash._baseassign/-/lodash._baseassign-3.2.0.tgz",
              "dependencies": {
                "lodash._basecopy": {
                  "version": "3.0.1",
                  "from": "lodash._basecopy@>=3.0.0 <4.0.0",
                  "resolved": "https://registry.npmjs.org/lodash._basecopy/-/lodash._basecopy-3.0.1.tgz"
                }
              }
            },
            "lodash._createassigner": {
              "version": "3.1.1",
              "from": "lodash._createassigner@>=3.0.0 <4.0.0",
              "resolved": "https://registry.npmjs.org/lodash._createassigner/-/lodash._createassigner-3.1.1.tgz",
              "dependencies": {
                "lodash._bindcallback": {
                  "version": "3.0.1",
                  "from": "lodash._bindcallback@>=3.0.0 <4.0.0",
                  "resolved": "https://registry.npmjs.org/lodash._bindcallback/-/lodash._bindcallback-3.0.1.tgz"
                },
                "lodash._isiterateecall": {
                  "version": "3.0.9",
                  "from": "lodash._isiterateecall@>=3.0.0 <4.0.0",
                  "resolved": "https://registry.npmjs.org/lodash._isiterateecall/-/lodash._isiterateecall-3.0.9.tgz"
                },
                "lodash.restparam": {
                  "version": "3.6.1",
                  "from": "lodash.restparam@>=3.0.0 <4.0.0",
                  "resolved": "https://registry.npmjs.org/lodash.restparam/-/lodash.restparam-3.6.1.tgz"
                }
              }
            },
            "lodash.keys": {
              "version": "3.1.2",
              "from": "lodash.keys@>=3.0.0 <4.0.0",
              "resolved": "https://registry.npmjs.org/lodash.keys/-/lodash.keys-3.1.2.tgz",
              "dependencies": {
                "lodash._getnative": {
                  "version": "3.9.1",
                  "from": "lodash._getnative@>=3.0.0 <4.0.0",
                  "resolved": "https://registry.npmjs.org/lodash._getnative/-/lodash._getnative-3.9.1.tgz"
                },
                "lodash.isarguments": {
                  "version": "3.0.8",
                  "from": "lodash.isarguments@>=3.0.0 <4.0.0",
                  "resolved": "https://registry.npmjs.org/lodash.isarguments/-/lodash.isarguments-3.0.8.tgz"
                },
                "lodash.isarray": {
                  "version": "3.0.4",
                  "from": "lodash.isarray@>=3.0.0 <4.0.0",
                  "resolved": "https://registry.npmjs.org/lodash.isarray/-/lodash.isarray-3.0.4.tgz"
                }
              }
            }
          }
        }
      }
    },
    "reactabular": {
      "version": "0.11.2",
      "from": "reactabular@>=0.11.2 <0.12.0",
      "resolved": "https://registry.npmjs.org/reactabular/-/reactabular-0.11.2.tgz"
    },
    "underscore": {
      "version": "1.8.3",
      "from": "underscore@latest",
      "resolved": "https://registry.npmjs.org/underscore/-/underscore-1.8.3.tgz"
    },
    "validator": {
      "version": "5.2.0",
      "from": "validator@latest",
      "resolved": "https://registry.npmjs.org/validator/-/validator-5.2.0.tgz"
    }
  }
}
